
Microsoft Visual Studio Solution File, Format Version 12.00
# Visual Studio Version 17
VisualStudioVersion = 17.9.34701.34
MinimumVisualStudioVersion = 10.0.40219.1
Project("{8BC9CEB8-8B4A-11D0-8D11-00A0C91BC942}") = "CPU_scheduling_algorithms", "CPU_scheduling_algorithms\CPU_scheduling_algorithms.vcxproj", "{3F99DB49-3775-4041-9249-867426D19B8F}"
EndProject
Global
	GlobalSection(SolutionConfigurationPlatforms) = preSolution
		Debug|x64 = Debug|x64
		Debug|x86 = Debug|x86
		Release|x64 = Release|x64
		Release|x86 = Release|x86
	EndGlobalSection
	GlobalSection(ProjectConfigurationPlatforms) = postSolution
		{3F99DB49-3775-4041-9249-867426D19B8F}.Debug|x64.ActiveCfg = Debug|x64
		{3F99DB49-3775-4041-9249-867426D19B8F}.Debug|x64.Build.0 = Debug|x64
		{3F99DB49-3775-4041-9249-867426D19B8F}.Debug|x86.ActiveCfg = Debug|Win32
		{3F99DB49-3775-4041-9249-867426D19B8F}.Debug|x86.Build.0 = Debug|Win32
		{3F99DB49-3775-4041-9249-867426D19B8F}.Release|x64.ActiveCfg = Release|x64
		{3F99DB49-3775-4041-9249-867426D19B8F}.Release|x64.Build.0 = Release|x64
		{3F99DB49-3775-4041-9249-867426D19B8F}.Release|x86.ActiveCfg = Release|Win32
		{3F99DB49-3775-4041-9249-867426D19B8F}.Release|x86.Build.0 = Release|Win32
	EndGlobalSection
	GlobalSection(SolutionProperties) = preSolution
		HideSolutionNode = FALSE
	EndGlobalSection
	GlobalSection(ExtensibilityGlobals) = postSolution
		SolutionGuid = {80F6DD18-5825-45FB-BB41-828F703D82CA}
	EndGlobalSection
EndGlobal
